// !$*UTF8*$!
{
	archiveVersion = 1;
	classes = {
	};
	objectVersion = 46;
	objects = {

/* Begin PBXBuildFile section */
		03CDB3EC177D030800C56109 /* ChatCell.m in Sources */ = {isa = PBXBuildFile; fileRef = 03CDB3D8177D030700C56109 /* ChatCell.m */; };
		03CDB3ED177D030800C56109 /* ChatMessage.m in Sources */ = {isa = PBXBuildFile; fileRef = 03CDB3DA177D030800C56109 /* ChatMessage.m */; };
		03CDB3EE177D030800C56109 /* FMDatabase.m in Sources */ = {isa = PBXBuildFile; fileRef = 03CDB3DD177D030800C56109 /* FMDatabase.m */; };
		03CDB3EF177D030800C56109 /* FMDatabaseAdditions.m in Sources */ = {isa = PBXBuildFile; fileRef = 03CDB3DF177D030800C56109 /* FMDatabaseAdditions.m */; };
		03CDB3F0177D030800C56109 /* FMDatabaseQueue.m in Sources */ = {isa = PBXBuildFile; fileRef = 03CDB3E1177D030800C56109 /* FMDatabaseQueue.m */; };
		03CDB3F1177D030800C56109 /* FMResultSet.m in Sources */ = {isa = PBXBuildFile; fileRef = 03CDB3E3177D030800C56109 /* FMResultSet.m */; };
		03CDB3F2177D030800C56109 /* base64.c in Sources */ = {isa = PBXBuildFile; fileRef = 03CDB3E5177D030800C56109 /* base64.c */; };
		03CDB3F3177D030800C56109 /* NSData+SRB64Additions.m in Sources */ = {isa = PBXBuildFile; fileRef = 03CDB3E8177D030800C56109 /* NSData+SRB64Additions.m */; };
		03CDB3F4177D030800C56109 /* SRWebSocket.m in Sources */ = {isa = PBXBuildFile; fileRef = 03CDB3EB177D030800C56109 /* SRWebSocket.m */; };
		03CDB3F7177D039700C56109 /* FMDatabasePool.m in Sources */ = {isa = PBXBuildFile; fileRef = 03CDB3F6177D039700C56109 /* FMDatabasePool.m */; };
		03D439A01779124000ED580C /* UIKit.framework in Frameworks */ = {isa = PBXBuildFile; fileRef = 03D4399F1779124000ED580C /* UIKit.framework */; };
		03D439A21779124000ED580C /* Foundation.framework in Frameworks */ = {isa = PBXBuildFile; fileRef = 03D439A11779124000ED580C /* Foundation.framework */; };
		03D439A41779124000ED580C /* CoreGraphics.framework in Frameworks */ = {isa = PBXBuildFile; fileRef = 03D439A31779124000ED580C /* CoreGraphics.framework */; };
		03D439AA1779124000ED580C /* InfoPlist.strings in Resources */ = {isa = PBXBuildFile; fileRef = 03D439A81779124000ED580C /* InfoPlist.strings */; };
		03D439AC1779124000ED580C /* main.m in Sources */ = {isa = PBXBuildFile; fileRef = 03D439AB1779124000ED580C /* main.m */; };
		03D439B01779124000ED580C /* SimpleChatAppDelegate.m in Sources */ = {isa = PBXBuildFile; fileRef = 03D439AF1779124000ED580C /* SimpleChatAppDelegate.m */; };
		03D439B21779124000ED580C /* Default.png in Resources */ = {isa = PBXBuildFile; fileRef = 03D439B11779124000ED580C /* Default.png */; };
		03D439B41779124000ED580C /* Default@2x.png in Resources */ = {isa = PBXBuildFile; fileRef = 03D439B31779124000ED580C /* Default@2x.png */; };
		03D439B61779124000ED580C /* Default-568h@2x.png in Resources */ = {isa = PBXBuildFile; fileRef = 03D439B51779124000ED580C /* Default-568h@2x.png */; };
		03D439B91779124000ED580C /* MainStoryboard.storyboard in Resources */ = {isa = PBXBuildFile; fileRef = 03D439B71779124000ED580C /* MainStoryboard.storyboard */; };
		03D439BC1779124000ED580C /* SimpleChatMasterViewController.m in Sources */ = {isa = PBXBuildFile; fileRef = 03D439BB1779124000ED580C /* SimpleChatMasterViewController.m */; };
		03D439BF1779124000ED580C /* SimpleChatDetailViewController.m in Sources */ = {isa = PBXBuildFile; fileRef = 03D439BE1779124000ED580C /* SimpleChatDetailViewController.m */; };
		03D439C71779124000ED580C /* SenTestingKit.framework in Frameworks */ = {isa = PBXBuildFile; fileRef = 03D439C61779124000ED580C /* SenTestingKit.framework */; };
		03D439C81779124000ED580C /* UIKit.framework in Frameworks */ = {isa = PBXBuildFile; fileRef = 03D4399F1779124000ED580C /* UIKit.framework */; };
		03D439C91779124000ED580C /* Foundation.framework in Frameworks */ = {isa = PBXBuildFile; fileRef = 03D439A11779124000ED580C /* Foundation.framework */; };
		03D439D11779124000ED580C /* InfoPlist.strings in Resources */ = {isa = PBXBuildFile; fileRef = 03D439CF1779124000ED580C /* InfoPlist.strings */; };
		03D439D41779124000ED580C /* SimpleChatTests.m in Sources */ = {isa = PBXBuildFile; fileRef = 03D439D31779124000ED580C /* SimpleChatTests.m */; };
		03D439DE1779128500ED580C /* libicucore.dylib in Frameworks */ = {isa = PBXBuildFile; fileRef = 03D439DD1779128500ED580C /* libicucore.dylib */; };
		03D439E01779128E00ED580C /* CFNetwork.framework in Frameworks */ = {isa = PBXBuildFile; fileRef = 03D439DF1779128E00ED580C /* CFNetwork.framework */; };
		03D439E21779129800ED580C /* Security.framework in Frameworks */ = {isa = PBXBuildFile; fileRef = 03D439E11779129800ED580C /* Security.framework */; };
		03D439E4177912A900ED580C /* libsqlite3.dylib in Frameworks */ = {isa = PBXBuildFile; fileRef = 03D439E3177912A900ED580C /* libsqlite3.dylib */; };
		03FE2F5B177A6CFE00B6162F /* aqua.png in Resources */ = {isa = PBXBuildFile; fileRef = 03FE2F5A177A6CFE00B6162F /* aqua.png */; };
		03FE2F5D177A6D0C00B6162F /* orange.png in Resources */ = {isa = PBXBuildFile; fileRef = 03FE2F5C177A6D0C00B6162F /* orange.png */; };
/* End PBXBuildFile section */

/* Begin PBXContainerItemProxy section */
		03D439CA1779124000ED580C /* PBXContainerItemProxy */ = {
			isa = PBXContainerItemProxy;
			containerPortal = 03D439941779124000ED580C /* Project object */;
			proxyType = 1;
			remoteGlobalIDString = 03D4399B1779124000ED580C;
			remoteInfo = SimpleChat;
		};
/* End PBXContainerItemProxy section */

/* Begin PBXFileReference section */
		03CDB3D7177D030700C56109 /* ChatCell.h */ = {isa = PBXFileReference; fileEncoding = 4; lastKnownFileType = sourcecode.c.h; path = ChatCell.h; sourceTree = "<group>"; };
		03CDB3D8177D030700C56109 /* ChatCell.m */ = {isa = PBXFileReference; fileEncoding = 4; lastKnownFileType = sourcecode.c.objc; path = ChatCell.m; sourceTree = "<group>"; };
		03CDB3D9177D030800C56109 /* ChatMessage.h */ = {isa = PBXFileReference; fileEncoding = 4; lastKnownFileType = sourcecode.c.h; path = ChatMessage.h; sourceTree = "<group>"; };
		03CDB3DA177D030800C56109 /* ChatMessage.m */ = {isa = PBXFileReference; fileEncoding = 4; lastKnownFileType = sourcecode.c.objc; path = ChatMessage.m; sourceTree = "<group>"; };
		03CDB3DC177D030800C56109 /* FMDatabase.h */ = {isa = PBXFileReference; fileEncoding = 4; lastKnownFileType = sourcecode.c.h; path = FMDatabase.h; sourceTree = "<group>"; };
		03CDB3DD177D030800C56109 /* FMDatabase.m */ = {isa = PBXFileReference; fileEncoding = 4; lastKnownFileType = sourcecode.c.objc; path = FMDatabase.m; sourceTree = "<group>"; };
		03CDB3DE177D030800C56109 /* FMDatabaseAdditions.h */ = {isa = PBXFileReference; fileEncoding = 4; lastKnownFileType = sourcecode.c.h; path = FMDatabaseAdditions.h; sourceTree = "<group>"; };
		03CDB3DF177D030800C56109 /* FMDatabaseAdditions.m */ = {isa = PBXFileReference; fileEncoding = 4; lastKnownFileType = sourcecode.c.objc; path = FMDatabaseAdditions.m; sourceTree = "<group>"; };
		03CDB3E0177D030800C56109 /* FMDatabaseQueue.h */ = {isa = PBXFileReference; fileEncoding = 4; lastKnownFileType = sourcecode.c.h; path = FMDatabaseQueue.h; sourceTree = "<group>"; };
		03CDB3E1177D030800C56109 /* FMDatabaseQueue.m */ = {isa = PBXFileReference; fileEncoding = 4; lastKnownFileType = sourcecode.c.objc; path = FMDatabaseQueue.m; sourceTree = "<group>"; };
		03CDB3E2177D030800C56109 /* FMResultSet.h */ = {isa = PBXFileReference; fileEncoding = 4; lastKnownFileType = sourcecode.c.h; path = FMResultSet.h; sourceTree = "<group>"; };
		03CDB3E3177D030800C56109 /* FMResultSet.m */ = {isa = PBXFileReference; fileEncoding = 4; lastKnownFileType = sourcecode.c.objc; path = FMResultSet.m; sourceTree = "<group>"; };
		03CDB3E5177D030800C56109 /* base64.c */ = {isa = PBXFileReference; fileEncoding = 4; lastKnownFileType = sourcecode.c.c; path = base64.c; sourceTree = "<group>"; };
		03CDB3E6177D030800C56109 /* base64.h */ = {isa = PBXFileReference; fileEncoding = 4; lastKnownFileType = sourcecode.c.h; path = base64.h; sourceTree = "<group>"; };
		03CDB3E7177D030800C56109 /* NSData+SRB64Additions.h */ = {isa = PBXFileReference; fileEncoding = 4; lastKnownFileType = sourcecode.c.h; path = "NSData+SRB64Additions.h"; sourceTree = "<group>"; };
		03CDB3E8177D030800C56109 /* NSData+SRB64Additions.m */ = {isa = PBXFileReference; fileEncoding = 4; lastKnownFileType = sourcecode.c.objc; path = "NSData+SRB64Additions.m"; sourceTree = "<group>"; };
		03CDB3E9177D030800C56109 /* SocketRocket-Prefix.pch */ = {isa = PBXFileReference; fileEncoding = 4; lastKnownFileType = sourcecode.c.h; path = "SocketRocket-Prefix.pch"; sourceTree = "<group>"; };
		03CDB3EA177D030800C56109 /* SRWebSocket.h */ = {isa = PBXFileReference; fileEncoding = 4; lastKnownFileType = sourcecode.c.h; path = SRWebSocket.h; sourceTree = "<group>"; };
		03CDB3EB177D030800C56109 /* SRWebSocket.m */ = {isa = PBXFileReference; fileEncoding = 4; lastKnownFileType = sourcecode.c.objc; path = SRWebSocket.m; sourceTree = "<group>"; };
		03CDB3F5177D039700C56109 /* FMDatabasePool.h */ = {isa = PBXFileReference; fileEncoding = 4; lastKnownFileType = sourcecode.c.h; path = FMDatabasePool.h; sourceTree = "<group>"; };
		03CDB3F6177D039700C56109 /* FMDatabasePool.m */ = {isa = PBXFileReference; fileEncoding = 4; lastKnownFileType = sourcecode.c.objc; path = FMDatabasePool.m; sourceTree = "<group>"; };
		03D4399C1779124000ED580C /* SimpleChat.app */ = {isa = PBXFileReference; explicitFileType = wrapper.application; includeInIndex = 0; path = SimpleChat.app; sourceTree = BUILT_PRODUCTS_DIR; };
		03D4399F1779124000ED580C /* UIKit.framework */ = {isa = PBXFileReference; lastKnownFileType = wrapper.framework; name = UIKit.framework; path = System/Library/Frameworks/UIKit.framework; sourceTree = SDKROOT; };
		03D439A11779124000ED580C /* Foundation.framework */ = {isa = PBXFileReference; lastKnownFileType = wrapper.framework; name = Foundation.framework; path = System/Library/Frameworks/Foundation.framework; sourceTree = SDKROOT; };
		03D439A31779124000ED580C /* CoreGraphics.framework */ = {isa = PBXFileReference; lastKnownFileType = wrapper.framework; name = CoreGraphics.framework; path = System/Library/Frameworks/CoreGraphics.framework; sourceTree = SDKROOT; };
		03D439A71779124000ED580C /* SimpleChat-Info.plist */ = {isa = PBXFileReference; lastKnownFileType = text.plist.xml; path = "SimpleChat-Info.plist"; sourceTree = "<group>"; };
		03D439A91779124000ED580C /* en */ = {isa = PBXFileReference; lastKnownFileType = text.plist.strings; name = en; path = en.lproj/InfoPlist.strings; sourceTree = "<group>"; };
		03D439AB1779124000ED580C /* main.m */ = {isa = PBXFileReference; lastKnownFileType = sourcecode.c.objc; path = main.m; sourceTree = "<group>"; };
		03D439AD1779124000ED580C /* SimpleChat-Prefix.pch */ = {isa = PBXFileReference; lastKnownFileType = sourcecode.c.h; path = "SimpleChat-Prefix.pch"; sourceTree = "<group>"; };
		03D439AE1779124000ED580C /* SimpleChatAppDelegate.h */ = {isa = PBXFileReference; lastKnownFileType = sourcecode.c.h; path = SimpleChatAppDelegate.h; sourceTree = "<group>"; };
		03D439AF1779124000ED580C /* SimpleChatAppDelegate.m */ = {isa = PBXFileReference; lastKnownFileType = sourcecode.c.objc; path = SimpleChatAppDelegate.m; sourceTree = "<group>"; };
		03D439B11779124000ED580C /* Default.png */ = {isa = PBXFileReference; lastKnownFileType = image.png; path = Default.png; sourceTree = "<group>"; };
		03D439B31779124000ED580C /* Default@2x.png */ = {isa = PBXFileReference; lastKnownFileType = image.png; path = "Default@2x.png"; sourceTree = "<group>"; };
		03D439B51779124000ED580C /* Default-568h@2x.png */ = {isa = PBXFileReference; lastKnownFileType = image.png; path = "Default-568h@2x.png"; sourceTree = "<group>"; };
		03D439B81779124000ED580C /* en */ = {isa = PBXFileReference; lastKnownFileType = file.storyboard; name = en; path = en.lproj/MainStoryboard.storyboard; sourceTree = "<group>"; };
		03D439BA1779124000ED580C /* SimpleChatMasterViewController.h */ = {isa = PBXFileReference; lastKnownFileType = sourcecode.c.h; path = SimpleChatMasterViewController.h; sourceTree = "<group>"; };
		03D439BB1779124000ED580C /* SimpleChatMasterViewController.m */ = {isa = PBXFileReference; lastKnownFileType = sourcecode.c.objc; path = SimpleChatMasterViewController.m; sourceTree = "<group>"; };
		03D439BD1779124000ED580C /* SimpleChatDetailViewController.h */ = {isa = PBXFileReference; lastKnownFileType = sourcecode.c.h; path = SimpleChatDetailViewController.h; sourceTree = "<group>"; };
		03D439BE1779124000ED580C /* SimpleChatDetailViewController.m */ = {isa = PBXFileReference; lastKnownFileType = sourcecode.c.objc; path = SimpleChatDetailViewController.m; sourceTree = "<group>"; };
		03D439C51779124000ED580C /* SimpleChatTests.octest */ = {isa = PBXFileReference; explicitFileType = wrapper.cfbundle; includeInIndex = 0; path = SimpleChatTests.octest; sourceTree = BUILT_PRODUCTS_DIR; };
		03D439C61779124000ED580C /* SenTestingKit.framework */ = {isa = PBXFileReference; lastKnownFileType = wrapper.framework; name = SenTestingKit.framework; path = Library/Frameworks/SenTestingKit.framework; sourceTree = DEVELOPER_DIR; };
		03D439CE1779124000ED580C /* SimpleChatTests-Info.plist */ = {isa = PBXFileReference; lastKnownFileType = text.plist.xml; path = "SimpleChatTests-Info.plist"; sourceTree = "<group>"; };
		03D439D01779124000ED580C /* en */ = {isa = PBXFileReference; lastKnownFileType = text.plist.strings; name = en; path = en.lproj/InfoPlist.strings; sourceTree = "<group>"; };
		03D439D21779124000ED580C /* SimpleChatTests.h */ = {isa = PBXFileReference; lastKnownFileType = sourcecode.c.h; path = SimpleChatTests.h; sourceTree = "<group>"; };
		03D439D31779124000ED580C /* SimpleChatTests.m */ = {isa = PBXFileReference; lastKnownFileType = sourcecode.c.objc; path = SimpleChatTests.m; sourceTree = "<group>"; };
		03D439DD1779128500ED580C /* libicucore.dylib */ = {isa = PBXFileReference; lastKnownFileType = "compiled.mach-o.dylib"; name = libicucore.dylib; path = usr/lib/libicucore.dylib; sourceTree = SDKROOT; };
		03D439DF1779128E00ED580C /* CFNetwork.framework */ = {isa = PBXFileReference; lastKnownFileType = wrapper.framework; name = CFNetwork.framework; path = System/Library/Frameworks/CFNetwork.framework; sourceTree = SDKROOT; };
		03D439E11779129800ED580C /* Security.framework */ = {isa = PBXFileReference; lastKnownFileType = wrapper.framework; name = Security.framework; path = System/Library/Frameworks/Security.framework; sourceTree = SDKROOT; };
		03D439E3177912A900ED580C /* libsqlite3.dylib */ = {isa = PBXFileReference; lastKnownFileType = "compiled.mach-o.dylib"; name = libsqlite3.dylib; path = usr/lib/libsqlite3.dylib; sourceTree = SDKROOT; };
		03FE2F5A177A6CFE00B6162F /* aqua.png */ = {isa = PBXFileReference; lastKnownFileType = image.png; path = aqua.png; sourceTree = "<group>"; };
		03FE2F5C177A6D0C00B6162F /* orange.png */ = {isa = PBXFileReference; lastKnownFileType = image.png; path = orange.png; sourceTree = "<group>"; };
/* End PBXFileReference section */

/* Begin PBXFrameworksBuildPhase section */
		03D439991779124000ED580C /* Frameworks */ = {
			isa = PBXFrameworksBuildPhase;
			buildActionMask = 2147483647;
			files = (
				03D439E4177912A900ED580C /* libsqlite3.dylib in Frameworks */,
				03D439E21779129800ED580C /* Security.framework in Frameworks */,
				03D439E01779128E00ED580C /* CFNetwork.framework in Frameworks */,
				03D439DE1779128500ED580C /* libicucore.dylib in Frameworks */,
				03D439A01779124000ED580C /* UIKit.framework in Frameworks */,
				03D439A21779124000ED580C /* Foundation.framework in Frameworks */,
				03D439A41779124000ED580C /* CoreGraphics.framework in Frameworks */,
			);
			runOnlyForDeploymentPostprocessing = 0;
		};
		03D439C11779124000ED580C /* Frameworks */ = {
			isa = PBXFrameworksBuildPhase;
			buildActionMask = 2147483647;
			files = (
				03D439C71779124000ED580C /* SenTestingKit.framework in Frameworks */,
				03D439C81779124000ED580C /* UIKit.framework in Frameworks */,
				03D439C91779124000ED580C /* Foundation.framework in Frameworks */,
			);
			runOnlyForDeploymentPostprocessing = 0;
		};
/* End PBXFrameworksBuildPhase section */

/* Begin PBXGroup section */
		03CDB3DB177D030800C56109 /* FMDB */ = {
			isa = PBXGroup;
			children = (
				03CDB3F5177D039700C56109 /* FMDatabasePool.h */,
				03CDB3F6177D039700C56109 /* FMDatabasePool.m */,
				03CDB3DC177D030800C56109 /* FMDatabase.h */,
				03CDB3DD177D030800C56109 /* FMDatabase.m */,
				03CDB3DE177D030800C56109 /* FMDatabaseAdditions.h */,
				03CDB3DF177D030800C56109 /* FMDatabaseAdditions.m */,
				03CDB3E0177D030800C56109 /* FMDatabaseQueue.h */,
				03CDB3E1177D030800C56109 /* FMDatabaseQueue.m */,
				03CDB3E2177D030800C56109 /* FMResultSet.h */,
				03CDB3E3177D030800C56109 /* FMResultSet.m */,
			);
			path = FMDB;
			sourceTree = "<group>";
		};
		03CDB3E4177D030800C56109 /* SocketRocket */ = {
			isa = PBXGroup;
			children = (
				03CDB3E5177D030800C56109 /* base64.c */,
				03CDB3E6177D030800C56109 /* base64.h */,
				03CDB3E7177D030800C56109 /* NSData+SRB64Additions.h */,
				03CDB3E8177D030800C56109 /* NSData+SRB64Additions.m */,
				03CDB3E9177D030800C56109 /* SocketRocket-Prefix.pch */,
				03CDB3EA177D030800C56109 /* SRWebSocket.h */,
				03CDB3EB177D030800C56109 /* SRWebSocket.m */,
			);
			path = SocketRocket;
			sourceTree = "<group>";
		};
		03D439931779124000ED580C = {
			isa = PBXGroup;
			children = (
				03D439A51779124000ED580C /* SimpleChat */,
				03D439CC1779124000ED580C /* SimpleChatTests */,
				03D4399E1779124000ED580C /* Frameworks */,
				03D4399D1779124000ED580C /* Products */,
			);
			sourceTree = "<group>";
		};
		03D4399D1779124000ED580C /* Products */ = {
			isa = PBXGroup;
			children = (
				03D4399C1779124000ED580C /* SimpleChat.app */,
				03D439C51779124000ED580C /* SimpleChatTests.octest */,
			);
			name = Products;
			sourceTree = "<group>";
		};
		03D4399E1779124000ED580C /* Frameworks */ = {
			isa = PBXGroup;
			children = (
				03D439E3177912A900ED580C /* libsqlite3.dylib */,
				03D439E11779129800ED580C /* Security.framework */,
				03D439DF1779128E00ED580C /* CFNetwork.framework */,
				03D439DD1779128500ED580C /* libicucore.dylib */,
				03D4399F1779124000ED580C /* UIKit.framework */,
				03D439A11779124000ED580C /* Foundation.framework */,
				03D439A31779124000ED580C /* CoreGraphics.framework */,
				03D439C61779124000ED580C /* SenTestingKit.framework */,
			);
			name = Frameworks;
			sourceTree = "<group>";
		};
		03D439A51779124000ED580C /* SimpleChat */ = {
			isa = PBXGroup;
			children = (
				03CDB3D7177D030700C56109 /* ChatCell.h */,
				03CDB3D8177D030700C56109 /* ChatCell.m */,
				03CDB3D9177D030800C56109 /* ChatMessage.h */,
				03CDB3DA177D030800C56109 /* ChatMessage.m */,
				03CDB3DB177D030800C56109 /* FMDB */,
				03CDB3E4177D030800C56109 /* SocketRocket */,
				03D439AE1779124000ED580C /* SimpleChatAppDelegate.h */,
				03D439AF1779124000ED580C /* SimpleChatAppDelegate.m */,
				03D439B71779124000ED580C /* MainStoryboard.storyboard */,
				03D439BA1779124000ED580C /* SimpleChatMasterViewController.h */,
				03D439BB1779124000ED580C /* SimpleChatMasterViewController.m */,
				03D439BD1779124000ED580C /* SimpleChatDetailViewController.h */,
				03D439BE1779124000ED580C /* SimpleChatDetailViewController.m */,
				03D439A61779124000ED580C /* Supporting Files */,
			);
			path = SimpleChat;
			sourceTree = "<group>";
		};
		03D439A61779124000ED580C /* Supporting Files */ = {
			isa = PBXGroup;
			children = (
				03FE2F5C177A6D0C00B6162F /* orange.png */,
				03FE2F5A177A6CFE00B6162F /* aqua.png */,
				03D439A71779124000ED580C /* SimpleChat-Info.plist */,
				03D439A81779124000ED580C /* InfoPlist.strings */,
				03D439AB1779124000ED580C /* main.m */,
				03D439AD1779124000ED580C /* SimpleChat-Prefix.pch */,
				03D439B11779124000ED580C /* Default.png */,
				03D439B31779124000ED580C /* Default@2x.png */,
				03D439B51779124000ED580C /* Default-568h@2x.png */,
			);
			name = "Supporting Files";
			sourceTree = "<group>";
		};
		03D439CC1779124000ED580C /* SimpleChatTests */ = {
			isa = PBXGroup;
			children = (
				03D439D21779124000ED580C /* SimpleChatTests.h */,
				03D439D31779124000ED580C /* SimpleChatTests.m */,
				03D439CD1779124000ED580C /* Supporting Files */,
			);
			path = SimpleChatTests;
			sourceTree = "<group>";
		};
		03D439CD1779124000ED580C /* Supporting Files */ = {
			isa = PBXGroup;
			children = (
				03D439CE1779124000ED580C /* SimpleChatTests-Info.plist */,
				03D439CF1779124000ED580C /* InfoPlist.strings */,
			);
			name = "Supporting Files";
			sourceTree = "<group>";
		};
/* End PBXGroup section */

/* Begin PBXNativeTarget section */
		03D4399B1779124000ED580C /* SimpleChat */ = {
			isa = PBXNativeTarget;
			buildConfigurationList = 03D439D71779124000ED580C /* Build configuration list for PBXNativeTarget "SimpleChat" */;
			buildPhases = (
				03D439981779124000ED580C /* Sources */,
				03D439991779124000ED580C /* Frameworks */,
				03D4399A1779124000ED580C /* Resources */,
			);
			buildRules = (
			);
			dependencies = (
			);
			name = SimpleChat;
			productName = SimpleChat;
			productReference = 03D4399C1779124000ED580C /* SimpleChat.app */;
			productType = "com.apple.product-type.application";
		};
		03D439C41779124000ED580C /* SimpleChatTests */ = {
			isa = PBXNativeTarget;
			buildConfigurationList = 03D439DA1779124000ED580C /* Build configuration list for PBXNativeTarget "SimpleChatTests" */;
			buildPhases = (
				03D439C01779124000ED580C /* Sources */,
				03D439C11779124000ED580C /* Frameworks */,
				03D439C21779124000ED580C /* Resources */,
				03D439C31779124000ED580C /* ShellScript */,
			);
			buildRules = (
			);
			dependencies = (
				03D439CB1779124000ED580C /* PBXTargetDependency */,
			);
			name = SimpleChatTests;
			productName = SimpleChatTests;
			productReference = 03D439C51779124000ED580C /* SimpleChatTests.octest */;
			productType = "com.apple.product-type.bundle";
		};
/* End PBXNativeTarget section */

/* Begin PBXProject section */
		03D439941779124000ED580C /* Project object */ = {
			isa = PBXProject;
			attributes = {
				CLASSPREFIX = SimpleChat;
				LastUpgradeCheck = 0460;
				ORGANIZATIONNAME = iris;
			};
			buildConfigurationList = 03D439971779124000ED580C /* Build configuration list for PBXProject "SimpleChat" */;
			compatibilityVersion = "Xcode 3.2";
			developmentRegion = English;
			hasScannedForEncodings = 0;
			knownRegions = (
				en,
			);
			mainGroup = 03D439931779124000ED580C;
			productRefGroup = 03D4399D1779124000ED580C /* Products */;
			projectDirPath = "";
			projectRoot = "";
			targets = (
				03D4399B1779124000ED580C /* SimpleChat */,
				03D439C41779124000ED580C /* SimpleChatTests */,
			);
		};
/* End PBXProject section */

/* Begin PBXResourcesBuildPhase section */
		03D4399A1779124000ED580C /* Resources */ = {
			isa = PBXResourcesBuildPhase;
			buildActionMask = 2147483647;
			files = (
				03D439AA1779124000ED580C /* InfoPlist.strings in Resources */,
				03D439B21779124000ED580C /* Default.png in Resources */,
				03D439B41779124000ED580C /* Default@2x.png in Resources */,
				03D439B61779124000ED580C /* Default-568h@2x.png in Resources */,
				03D439B91779124000ED580C /* MainStoryboard.storyboard in Resources */,
				03FE2F5B177A6CFE00B6162F /* aqua.png in Resources */,
				03FE2F5D177A6D0C00B6162F /* orange.png in Resources */,
			);
			runOnlyForDeploymentPostprocessing = 0;
		};
		03D439C21779124000ED580C /* Resources */ = {
			isa = PBXResourcesBuildPhase;
			buildActionMask = 2147483647;
			files = (
				03D439D11779124000ED580C /* InfoPlist.strings in Resources */,
			);
			runOnlyForDeploymentPostprocessing = 0;
		};
/* End PBXResourcesBuildPhase section */

/* Begin PBXShellScriptBuildPhase section */
		03D439C31779124000ED580C /* ShellScript */ = {
			isa = PBXShellScriptBuildPhase;
			buildActionMask = 2147483647;
			files = (
			);
			inputPaths = (
			);
			outputPaths = (
			);
			runOnlyForDeploymentPostprocessing = 0;
			shellPath = /bin/sh;
			shellScript = "# Run the unit tests in this test bundle.\n\"${SYSTEM_DEVELOPER_DIR}/Tools/RunUnitTests\"\n";
		};
/* End PBXShellScriptBuildPhase section */

/* Begin PBXSourcesBuildPhase section */
		03D439981779124000ED580C /* Sources */ = {
			isa = PBXSourcesBuildPhase;
			buildActionMask = 2147483647;
			files = (
				03D439AC1779124000ED580C /* main.m in Sources */,
				03D439B01779124000ED580C /* SimpleChatAppDelegate.m in Sources */,
				03D439BC1779124000ED580C /* SimpleChatMasterViewController.m in Sources */,
				03D439BF1779124000ED580C /* SimpleChatDetailViewController.m in Sources */,
				03CDB3EC177D030800C56109 /* ChatCell.m in Sources */,
				03CDB3ED177D030800C56109 /* ChatMessage.m in Sources */,
				03CDB3EE177D030800C56109 /* FMDatabase.m in Sources */,
				03CDB3EF177D030800C56109 /* FMDatabaseAdditions.m in Sources */,
				03CDB3F0177D030800C56109 /* FMDatabaseQueue.m in Sources */,
				03CDB3F1177D030800C56109 /* FMResultSet.m in Sources */,
				03CDB3F2177D030800C56109 /* base64.c in Sources */,
				03CDB3F3177D030800C56109 /* NSData+SRB64Additions.m in Sources */,
				03CDB3F4177D030800C56109 /* SRWebSocket.m in Sources */,
				03CDB3F7177D039700C56109 /* FMDatabasePool.m in Sources */,
			);
			runOnlyForDeploymentPostprocessing = 0;
		};
		03D439C01779124000ED580C /* Sources */ = {
			isa = PBXSourcesBuildPhase;
			buildActionMask = 2147483647;
			files = (
				03D439D41779124000ED580C /* SimpleChatTests.m in Sources */,
			);
			runOnlyForDeploymentPostprocessing = 0;
		};
/* End PBXSourcesBuildPhase section */

/* Begin PBXTargetDependency section */
		03D439CB1779124000ED580C /* PBXTargetDependency */ = {
			isa = PBXTargetDependency;
			target = 03D4399B1779124000ED580C /* SimpleChat */;
			targetProxy = 03D439CA1779124000ED580C /* PBXContainerItemProxy */;
		};
/* End PBXTargetDependency section */

/* Begin PBXVariantGroup section */
		03D439A81779124000ED580C /* InfoPlist.strings */ = {
			isa = PBXVariantGroup;
			children = (
				03D439A91779124000ED580C /* en */,
			);
			name = InfoPlist.strings;
			sourceTree = "<group>";
		};
		03D439B71779124000ED580C /* MainStoryboard.storyboard */ = {
			isa = PBXVariantGroup;
			children = (
				03D439B81779124000ED580C /* en */,
			);
			name = MainStoryboard.storyboard;
			sourceTree = "<group>";
		};
		03D439CF1779124000ED580C /* InfoPlist.strings */ = {
			isa = PBXVariantGroup;
			children = (
				03D439D01779124000ED580C /* en */,
			);
			name = InfoPlist.strings;
			sourceTree = "<group>";
		};
/* End PBXVariantGroup section */

/* Begin XCBuildConfiguration section */
		03D439D51779124000ED580C /* Debug */ = {
			isa = XCBuildConfiguration;
			buildSettings = {
				ALWAYS_SEARCH_USER_PATHS = NO;
				CLANG_CXX_LANGUAGE_STANDARD = "gnu++0x";
				CLANG_CXX_LIBRARY = "libc++";
				CLANG_ENABLE_OBJC_ARC = YES;
				CLANG_WARN_CONSTANT_CONVERSION = YES;
				CLANG_WARN_EMPTY_BODY = YES;
				CLANG_WARN_ENUM_CONVERSION = YES;
				CLANG_WARN_INT_CONVERSION = YES;
				CLANG_WARN__DUPLICATE_METHOD_MATCH = YES;
				"CODE_SIGN_IDENTITY[sdk=iphoneos*]" = "iPhone Developer";
				COPY_PHASE_STRIP = NO;
				GCC_C_LANGUAGE_STANDARD = gnu99;
				GCC_DYNAMIC_NO_PIC = NO;
				GCC_OPTIMIZATION_LEVEL = 0;
				GCC_PREPROCESSOR_DEFINITIONS = (
					"DEBUG=1",
					"$(inherited)",
				);
				GCC_SYMBOLS_PRIVATE_EXTERN = NO;
				GCC_WARN_ABOUT_RETURN_TYPE = YES;
				GCC_WARN_UNINITIALIZED_AUTOS = YES;
				GCC_WARN_UNUSED_VARIABLE = YES;
				IPHONEOS_DEPLOYMENT_TARGET = 6.1;
				ONLY_ACTIVE_ARCH = YES;
				SDKROOT = iphoneos;
			};
			name = Debug;
		};
		03D439D61779124000ED580C /* Release */ = {
			isa = XCBuildConfiguration;
			buildSettings = {
				ALWAYS_SEARCH_USER_PATHS = NO;
				CLANG_CXX_LANGUAGE_STANDARD = "gnu++0x";
				CLANG_CXX_LIBRARY = "libc++";
				CLANG_ENABLE_OBJC_ARC = YES;
				CLANG_WARN_CONSTANT_CONVERSION = YES;
				CLANG_WARN_EMPTY_BODY = YES;
				CLANG_WARN_ENUM_CONVERSION = YES;
				CLANG_WARN_INT_CONVERSION = YES;
				CLANG_WARN__DUPLICATE_METHOD_MATCH = YES;
				"CODE_SIGN_IDENTITY[sdk=iphoneos*]" = "iPhone Developer";
				COPY_PHASE_STRIP = YES;
				GCC_C_LANGUAGE_STANDARD = gnu99;
				GCC_WARN_ABOUT_RETURN_TYPE = YES;
				GCC_WARN_UNINITIALIZED_AUTOS = YES;
				GCC_WARN_UNUSED_VARIABLE = YES;
				IPHONEOS_DEPLOYMENT_TARGET = 6.1;
				OTHER_CFLAGS = "-DNS_BLOCK_ASSERTIONS=1";
				SDKROOT = iphoneos;
				VALIDATE_PRODUCT = YES;
			};
			name = Release;
		};
		03D439D81779124000ED580C /* Debug */ = {
			isa = XCBuildConfiguration;
			buildSettings = {
				GCC_PRECOMPILE_PREFIX_HEADER = YES;
				GCC_PREFIX_HEADER = "SimpleChat/SimpleChat-Prefix.pch";
				INFOPLIST_FILE = "SimpleChat/SimpleChat-Info.plist";
				PRODUCT_NAME = "$(TARGET_NAME)";
				WRAPPER_EXTENSION = app;
			};
			name = Debug;
		};
		03D439D91779124000ED580C /* Release */ = {
			isa = XCBuildConfiguration;
			buildSettings = {
				GCC_PRECOMPILE_PREFIX_HEADER = YES;
				GCC_PREFIX_HEADER = "SimpleChat/SimpleChat-Prefix.pch";
				INFOPLIST_FILE = "SimpleChat/SimpleChat-Info.plist";
				PRODUCT_NAME = "$(TARGET_NAME)";
				WRAPPER_EXTENSION = app;
			};
			name = Release;
		};
		03D439DB1779124000ED580C /* Debug */ = {
			isa = XCBuildConfiguration;
			buildSettings = {
				BUNDLE_LOADER = "$(BUILT_PRODUCTS_DIR)/SimpleChat.app/SimpleChat";
				FRAMEWORK_SEARCH_PATHS = (
					"\"$(SDKROOT)/Developer/Library/Frameworks\"",
					"\"$(DEVELOPER_LIBRARY_DIR)/Frameworks\"",
				);
				GCC_PRECOMPILE_PREFIX_HEADER = YES;
				GCC_PREFIX_HEADER = "SimpleChat/SimpleChat-Prefix.pch";
				INFOPLIST_FILE = "SimpleChatTests/SimpleChatTests-Info.plist";
				PRODUCT_NAME = "$(TARGET_NAME)";
				TEST_HOST = "$(BUNDLE_LOADER)";
				WRAPPER_EXTENSION = octest;
			};
			name = Debug;
		};
		03D439DC1779124000ED580C /* Release */ = {
			isa = XCBuildConfiguration;
			buildSettings = {
				BUNDLE_LOADER = "$(BUILT_PRODUCTS_DIR)/SimpleChat.app/SimpleChat";
				FRAMEWORK_SEARCH_PATHS = (
					"\"$(SDKROOT)/Developer/Library/Frameworks\"",
					"\"$(DEVELOPER_LIBRARY_DIR)/Frameworks\"",
				);
				GCC_PRECOMPILE_PREFIX_HEADER = YES;
				GCC_PREFIX_HEADER = "SimpleChat/SimpleChat-Prefix.pch";
				INFOPLIST_FILE = "SimpleChatTests/SimpleChatTests-Info.plist";
				PRODUCT_NAME = "$(TARGET_NAME)";
				TEST_HOST = "$(BUNDLE_LOADER)";
				WRAPPER_EXTENSION = octest;
			};
			name = Release;
		};
/* End XCBuildConfiguration section */

/* Begin XCConfigurationList section */
		03D439971779124000ED580C /* Build configuration list for PBXProject "SimpleChat" */ = {
			isa = XCConfigurationList;
			buildConfigurations = (
				03D439D51779124000ED580C /* Debug */,
				03D439D61779124000ED580C /* Release */,
			);
			defaultConfigurationIsVisible = 0;
			defaultConfigurationName = Release;
		};
		03D439D71779124000ED580C /* Build configuration list for PBXNativeTarget "SimpleChat" */ = {
			isa = XCConfigurationList;
			buildConfigurations = (
				03D439D81779124000ED580C /* Debug */,
				03D439D91779124000ED580C /* Release */,
			);
			defaultConfigurationIsVisible = 0;
			defaultConfigurationName = Release;
		};
		03D439DA1779124000ED580C /* Build configuration list for PBXNativeTarget "SimpleChatTests" */ = {
			isa = XCConfigurationList;
			buildConfigurations = (
				03D439DB1779124000ED580C /* Debug */,
				03D439DC1779124000ED580C /* Release */,
			);
			defaultConfigurationIsVisible = 0;
			defaultConfigurationName = Release;
		};
/* End XCConfigurationList section */
	};
	rootObject = 03D439941779124000ED580C /* Project object */;
}
